
Microsoft Visual Studio Solution File, Format Version 12.00
# Visual Studio Version 17
VisualStudioVersion = 17.9.34728.123
MinimumVisualStudioVersion = 10.0.40219.1
Project("{FAE04EC0-301F-11D3-BF4B-00C04F79EFBC}") = "TAL-PremiumCalculatorAPI", "TAL-PremiumCalculatorAPI\TAL-PremiumCalculatorAPI.csproj", "{06AF237B-62BE-4550-B700-28A6EFDFD334}"
EndProject
Global
	GlobalSection(SolutionConfigurationPlatforms) = preSolution
		Debug|Any CPU = Debug|Any CPU
		Release|Any CPU = Release|Any CPU
	EndGlobalSection
	GlobalSection(ProjectConfigurationPlatforms) = postSolution
		{06AF237B-62BE-4550-B700-28A6EFDFD334}.Debug|Any CPU.ActiveCfg = Debug|Any CPU
		{06AF237B-62BE-4550-B700-28A6EFDFD334}.Debug|Any CPU.Build.0 = Debug|Any CPU
		{06AF237B-62BE-4550-B700-28A6EFDFD334}.Release|Any CPU.ActiveCfg = Release|Any CPU
		{06AF237B-62BE-4550-B700-28A6EFDFD334}.Release|Any CPU.Build.0 = Release|Any CPU
	EndGlobalSection
	GlobalSection(SolutionProperties) = preSolution
		HideSolutionNode = FALSE
	EndGlobalSection
	GlobalSection(ExtensibilityGlobals) = postSolution
		SolutionGuid = {6173B33C-BA04-416A-A855-596BB8E2E66E}
	EndGlobalSection
EndGlobal
